
Microsoft Visual Studio Solution File, Format Version 12.00
# Visual Studio 15
VisualStudioVersion = 15.0.28307.271
MinimumVisualStudioVersion = 10.0.40219.1
Project("{FAE04EC0-301F-11D3-BF4B-00C04F79EFBC}") = "CarBuyerTest", "CarBuyerTest\CarBuyerTest.csproj", "{91D28BDD-BA7E-434D-AC89-647A1EC1BE05}"
EndProject
Global
	GlobalSection(SolutionConfigurationPlatforms) = preSolution
		Debug|Any CPU = Debug|Any CPU
		Release|Any CPU = Release|Any CPU
	EndGlobalSection
	GlobalSection(ProjectConfigurationPlatforms) = postSolution
		{91D28BDD-BA7E-434D-AC89-647A1EC1BE05}.Debug|Any CPU.ActiveCfg = Debug|Any CPU
		{91D28BDD-BA7E-434D-AC89-647A1EC1BE05}.Debug|Any CPU.Build.0 = Debug|Any CPU
		{91D28BDD-BA7E-434D-AC89-647A1EC1BE05}.Release|Any CPU.ActiveCfg = Release|Any CPU
		{91D28BDD-BA7E-434D-AC89-647A1EC1BE05}.Release|Any CPU.Build.0 = Release|Any CPU
	EndGlobalSection
	GlobalSection(SolutionProperties) = preSolution
		HideSolutionNode = FALSE
	EndGlobalSection
	GlobalSection(ExtensibilityGlobals) = postSolution
		SolutionGuid = {5CDBDBA2-820E-40D6-9E4D-D395F95FAEBF}
	EndGlobalSection
EndGlobal
